// !$*UTF8*$!
{
	archiveVersion = 1;
	classes = {
	};
	objectVersion = 46;
	objects = {

/* Begin PBXBuildFile section */
		C81E98D31E4682A800428D74 /* AppDelegate.swift in Sources */ = {isa = PBXBuildFile; fileRef = C81E98D21E4682A800428D74 /* AppDelegate.swift */; };
		C81E98D51E4682A800428D74 /* ViewController.swift in Sources */ = {isa = PBXBuildFile; fileRef = C81E98D41E4682A800428D74 /* ViewController.swift */; };
		C81E98D81E4682A900428D74 /* Main.storyboard in Resources */ = {isa = PBXBuildFile; fileRef = C81E98D61E4682A900428D74 /* Main.storyboard */; };
		C81E98DA1E4682A900428D74 /* Assets.xcassets in Resources */ = {isa = PBXBuildFile; fileRef = C81E98D91E4682A900428D74 /* Assets.xcassets */; };
		C81E98DD1E4682A900428D74 /* LaunchScreen.storyboard in Resources */ = {isa = PBXBuildFile; fileRef = C81E98DB1E4682A900428D74 /* LaunchScreen.storyboard */; };
/* End PBXBuildFile section */

/* Begin PBXFileReference section */
		C81E98CF1E4682A800428D74 /* timeTable.app */ = {isa = PBXFileReference; explicitFileType = wrapper.application; includeInIndex = 0; path = timeTable.app; sourceTree = BUILT_PRODUCTS_DIR; };
		C81E98D21E4682A800428D74 /* AppDelegate.swift */ = {isa = PBXFileReference; lastKnownFileType = sourcecode.swift; path = AppDelegate.swift; sourceTree = "<group>"; };
		C81E98D41E4682A800428D74 /* ViewController.swift */ = {isa = PBXFileReference; lastKnownFileType = sourcecode.swift; path = ViewController.swift; sourceTree = "<group>"; };
		C81E98D71E4682A900428D74 /* Base */ = {isa = PBXFileReference; lastKnownFileType = file.storyboard; name = Base; path = Base.lproj/Main.storyboard; sourceTree = "<group>"; };
		C81E98D91E4682A900428D74 /* Assets.xcassets */ = {isa = PBXFileReference; lastKnownFileType = folder.assetcatalog; path = Assets.xcassets; sourceTree = "<group>"; };
		C81E98DC1E4682A900428D74 /* Base */ = {isa = PBXFileReference; lastKnownFileType = file.storyboard; name = Base; path = Base.lproj/LaunchScreen.storyboard; sourceTree = "<group>"; };
		C81E98DE1E4682A900428D74 /* Info.plist */ = {isa = PBXFileReference; lastKnownFileType = text.plist.xml; path = Info.plist; sourceTree = "<group>"; };
/* End PBXFileReference section */

/* Begin PBXFrameworksBuildPhase section */
		C81E98CC1E4682A800428D74 /* Frameworks */ = {
			isa = PBXFrameworksBuildPhase;
			buildActionMask = 2147483647;
			files = (
			);
			runOnlyForDeploymentPostprocessing = 0;
		};
/* End PBXFrameworksBuildPhase section */

/* Begin PBXGroup section */
		C81E98C61E4682A800428D74 = {
			isa = PBXGroup;
			children = (
				C81E98D11E4682A800428D74 /* timeTable */,
				C81E98D01E4682A800428D74 /* Products */,
			);
			sourceTree = "<group>";
		};
		C81E98D01E4682A800428D74 /* Products */ = {
			isa = PBXGroup;
			children = (
				C81E98CF1E4682A800428D74 /* timeTable.app */,
			);
			name = Products;
			sourceTree = "<group>";
		};
		C81E98D11E4682A800428D74 /* timeTable */ = {
			isa = PBXGroup;
			children = (
				C81E98D21E4682A800428D74 /* AppDelegate.swift */,
				C81E98D41E4682A800428D74 /* ViewController.swift */,
				C81E98D61E4682A900428D74 /* Main.storyboard */,
				C81E98D91E4682A900428D74 /* Assets.xcassets */,
				C81E98DB1E4682A900428D74 /* LaunchScreen.storyboard */,
				C81E98DE1E4682A900428D74 /* Info.plist */,
			);
			path = timeTable;
			sourceTree = "<group>";
		};
/* End PBXGroup section */

/* Begin PBXNativeTarget section */
		C81E98CE1E4682A800428D74 /* timeTable */ = {
			isa = PBXNativeTarget;
			buildConfigurationList = C81E98E11E4682A900428D74 /* Build configuration list for PBXNativeTarget "timeTable" */;
			buildPhases = (
				C81E98CB1E4682A800428D74 /* Sources */,
				C81E98CC1E4682A800428D74 /* Frameworks */,
				C81E98CD1E4682A800428D74 /* Resources */,
			);
			buildRules = (
			);
			dependencies = (
			);
			name = timeTable;
			productName = timeTable;
			productReference = C81E98CF1E4682A800428D74 /* timeTable.app */;
			productType = "com.apple.product-type.application";
		};
/* End PBXNativeTarget section */

/* Begin PBXProject section */
		C81E98C71E4682A800428D74 /* Project object */ = {
			isa = PBXProject;
			attributes = {
				LastSwiftUpdateCheck = 0820;
				LastUpgradeCheck = 0820;
				ORGANIZATIONNAME = com.Wilson;
				TargetAttributes = {
					C81E98CE1E4682A800428D74 = {
						CreatedOnToolsVersion = 8.2.1;
						ProvisioningStyle = Automatic;
					};
				};
			};
			buildConfigurationList = C81E98CA1E4682A800428D74 /* Build configuration list for PBXProject "timeTable" */;
			compatibilityVersion = "Xcode 3.2";
			developmentRegion = English;
			hasScannedForEncodings = 0;
			knownRegions = (
				en,
				Base,
			);
			mainGroup = C81E98C61E4682A800428D74;
			productRefGroup = C81E98D01E4682A800428D74 /* Products */;
			projectDirPath = "";
			projectRoot = "";
			targets = (
				C81E98CE1E4682A800428D74 /* timeTable */,
			);
		};
/* End PBXProject section */

/* Begin PBXResourcesBuildPhase section */
		C81E98CD1E4682A800428D74 /* Resources */ = {
			isa = PBXResourcesBuildPhase;
			buildActionMask = 2147483647;
			files = (
				C81E98DD1E4682A900428D74 /* LaunchScreen.storyboard in Resources */,
				C81E98DA1E4682A900428D74 /* Assets.xcassets in Resources */,
				C81E98D81E4682A900428D74 /* Main.storyboard in Resources */,
			);
			runOnlyForDeploymentPostprocessing = 0;
		};
/* End PBXResourcesBuildPhase section */

/* Begin PBXSourcesBuildPhase section */
		C81E98CB1E4682A800428D74 /* Sources */ = {
			isa = PBXSourcesBuildPhase;
			buildActionMask = 2147483647;
			files = (
				C81E98D51E4682A800428D74 /* ViewController.swift in Sources */,
				C81E98D31E4682A800428D74 /* AppDelegate.swift in Sources */,
			);
			runOnlyForDeploymentPostprocessing = 0;
		};
/* End PBXSourcesBuildPhase section */

/* Begin PBXVariantGroup section */
		C81E98D61E4682A900428D74 /* Main.storyboard */ = {
			isa = PBXVariantGroup;
			children = (
				C81E98D71E4682A900428D74 /* Base */,
			);
			name = Main.storyboard;
			sourceTree = "<group>";
		};
		C81E98DB1E4682A900428D74 /* LaunchScreen.storyboard */ = {
			isa = PBXVariantGroup;
			children = (
				C81E98DC1E4682A900428D74 /* Base */,
			);
			name = LaunchScreen.storyboard;
			sourceTree = "<group>";
		};
/* End PBXVariantGroup section */

/* Begin XCBuildConfiguration section */
		C81E98DF1E4682A900428D74 /* Debug */ = {
			isa = XCBuildConfiguration;
			buildSettings = {
				ALWAYS_SEARCH_USER_PATHS = NO;
				CLANG_ANALYZER_NONNULL = YES;
				CLANG_CXX_LANGUAGE_STANDARD = "gnu++0x";
				CLANG_CXX_LIBRARY = "libc++";
				CLANG_ENABLE_MODULES = YES;
				CLANG_ENABLE_OBJC_ARC = YES;
				CLANG_WARN_BOOL_CONVERSION = YES;
				CLANG_WARN_CONSTANT_CONVERSION = YES;
				CLANG_WARN_DIRECT_OBJC_ISA_USAGE = YES_ERROR;
				CLANG_WARN_DOCUMENTATION_COMMENTS = YES;
				CLANG_WARN_EMPTY_BODY = YES;
				CLANG_WARN_ENUM_CONVERSION = YES;
				CLANG_WARN_INFINITE_RECURSION = YES;
				CLANG_WARN_INT_CONVERSION = YES;
				CLANG_WARN_OBJC_ROOT_CLASS = YES_ERROR;
				CLANG_WARN_SUSPICIOUS_MOVE = YES;
				CLANG_WARN_UNREACHABLE_CODE = YES;
				CLANG_WARN__DUPLICATE_METHOD_MATCH = YES;
				"CODE_SIGN_IDENTITY[sdk=iphoneos*]" = "iPhone Developer";
				COPY_PHASE_STRIP = NO;
				DEBUG_INFORMATION_FORMAT = dwarf;
				ENABLE_STRICT_OBJC_MSGSEND = YES;
				ENABLE_TESTABILITY = YES;
				GCC_C_LANGUAGE_STANDARD = gnu99;
				GCC_DYNAMIC_NO_PIC = NO;
				GCC_NO_COMMON_BLOCKS = YES;
				GCC_OPTIMIZATION_LEVEL = 0;
				GCC_PREPROCESSOR_DEFINITIONS = (
					"DEBUG=1",
					"$(inherited)",
				);
				GCC_WARN_64_TO_32_BIT_CONVERSION = YES;
				GCC_WARN_ABOUT_RETURN_TYPE = YES_ERROR;
				GCC_WARN_UNDECLARED_SELECTOR = YES;
				GCC_WARN_UNINITIALIZED_AUTOS = YES_AGGRESSIVE;
				GCC_WARN_UNUSED_FUNCTION = YES;
				GCC_WARN_UNUSED_VARIABLE = YES;
				IPHONEOS_DEPLOYMENT_TARGET = 10.2;
				MTL_ENABLE_DEBUG_INFO = YES;
				ONLY_ACTIVE_ARCH = YES;
				SDKROOT = iphoneos;
				SWIFT_ACTIVE_COMPILATION_CONDITIONS = DEBUG;
				SWIFT_OPTIMIZATION_LEVEL = "-Onone";
			};
			name = Debug;
		};
		C81E98E01E4682A900428D74 /* Release */ = {
			isa = XCBuildConfiguration;
			buildSettings = {
				ALWAYS_SEARCH_USER_PATHS = NO;
				CLANG_ANALYZER_NONNULL = YES;
				CLANG_CXX_LANGUAGE_STANDARD = "gnu++0x";
				CLANG_CXX_LIBRARY = "libc++";
				CLANG_ENABLE_MODULES = YES;
				CLANG_ENABLE_OBJC_ARC = YES;
				CLANG_WARN_BOOL_CONVERSION = YES;
				CLANG_WARN_CONSTANT_CONVERSION = YES;
				CLANG_WARN_DIRECT_OBJC_ISA_USAGE = YES_ERROR;
				CLANG_WARN_DOCUMENTATION_COMMENTS = YES;
				CLANG_WARN_EMPTY_BODY = YES;
				CLANG_WARN_ENUM_CONVERSION = YES;
				CLANG_WARN_INFINITE_RECURSION = YES;
				CLANG_WARN_INT_CONVERSION = YES;
				CLANG_WARN_OBJC_ROOT_CLASS = YES_ERROR;
				CLANG_WARN_SUSPICIOUS_MOVE = YES;
				CLANG_WARN_UNREACHABLE_CODE = YES;
				CLANG_WARN__DUPLICATE_METHOD_MATCH = YES;
				"CODE_SIGN_IDENTITY[sdk=iphoneos*]" = "iPhone Developer";
				COPY_PHASE_STRIP = NO;
				DEBUG_INFORMATION_FORMAT = "dwarf-with-dsym";
				ENABLE_NS_ASSERTIONS = NO;
				ENABLE_STRICT_OBJC_MSGSEND = YES;
				GCC_C_LANGUAGE_STANDARD = gnu99;
				GCC_NO_COMMON_BLOCKS = YES;
				GCC_WARN_64_TO_32_BIT_CONVERSION = YES;
				GCC_WARN_ABOUT_RETURN_TYPE = YES_ERROR;
				GCC_WARN_UNDECLARED_SELECTOR = YES;
				GCC_WARN_UNINITIALIZED_AUTOS = YES_AGGRESSIVE;
				GCC_WARN_UNUSED_FUNCTION = YES;
				GCC_WARN_UNUSED_VARIABLE = YES;
				IPHONEOS_DEPLOYMENT_TARGET = 10.2;
				MTL_ENABLE_DEBUG_INFO = NO;
				SDKROOT = iphoneos;
				SWIFT_OPTIMIZATION_LEVEL = "-Owholemodule";
				VALIDATE_PRODUCT = YES;
			};
			name = Release;
		};
		C81E98E21E4682A900428D74 /* Debug */ = {
			isa = XCBuildConfiguration;
			buildSettings = {
				ASSETCATALOG_COMPILER_APPICON_NAME = AppIcon;
				INFOPLIST_FILE = timeTable/Info.plist;
				LD_RUNPATH_SEARCH_PATHS = "$(inherited) @executable_path/Frameworks";
				PRODUCT_BUNDLE_IDENTIFIER = Ja.timeTable;
				PRODUCT_NAME = "$(TARGET_NAME)";
				SWIFT_VERSION = 3.0;
			};
			name = Debug;
		};
		C81E98E31E4682A900428D74 /* Release */ = {
			isa = XCBuildConfiguration;
			buildSettings = {
				ASSETCATALOG_COMPILER_APPICON_NAME = AppIcon;
				INFOPLIST_FILE = timeTable/Info.plist;
				LD_RUNPATH_SEARCH_PATHS = "$(inherited) @executable_path/Frameworks";
				PRODUCT_BUNDLE_IDENTIFIER = Ja.timeTable;
				PRODUCT_NAME = "$(TARGET_NAME)";
				SWIFT_VERSION = 3.0;
			};
			name = Release;
		};
/* End XCBuildConfiguration section */

/* Begin XCConfigurationList section */
		C81E98CA1E4682A800428D74 /* Build configuration list for PBXProject "timeTable" */ = {
			isa = XCConfigurationList;
			buildConfigurations = (
				C81E98DF1E4682A900428D74 /* Debug */,
				C81E98E01E4682A900428D74 /* Release */,
			);
			defaultConfigurationIsVisible = 0;
			defaultConfigurationName = Release;
		};
		C81E98E11E4682A900428D74 /* Build configuration list for PBXNativeTarget "timeTable" */ = {
			isa = XCConfigurationList;
			buildConfigurations = (
				C81E98E21E4682A900428D74 /* Debug */,
				C81E98E31E4682A900428D74 /* Release */,
			);
			defaultConfigurationIsVisible = 0;
		};
/* End XCConfigurationList section */
	};
	rootObject = C81E98C71E4682A800428D74 /* Project object */;
}
